
Microsoft Visual Studio Solution File, Format Version 12.00
# Visual Studio Version 16
VisualStudioVersion = 16.0.30114.105
MinimumVisualStudioVersion = 10.0.40219.1
Project("{FAE04EC0-301F-11D3-BF4B-00C04F79EFBC}") = "WebVeiculos.Core", "WebVeiculos.Core\WebVeiculos.Core.csproj", "{CBB47B6E-F907-4DB2-892B-09C587808CE9}"
EndProject
Project("{FAE04EC0-301F-11D3-BF4B-00C04F79EFBC}") = "WebVeiculos.Models", "WebVeiculos.Models\WebVeiculos.Models.csproj", "{EBF4C7DE-0D52-47C7-B3B1-B9659BC9FD6F}"
EndProject
Project("{FAE04EC0-301F-11D3-BF4B-00C04F79EFBC}") = "WebVeiculos.WebApi", "WebVeiculos.WebApi\WebVeiculos.WebApi.csproj", "{3148185E-BB2C-4D9E-BA07-6BDC7F061D5F}"
EndProject
Global
	GlobalSection(SolutionConfigurationPlatforms) = preSolution
		Debug|Any CPU = Debug|Any CPU
		Release|Any CPU = Release|Any CPU
	EndGlobalSection
	GlobalSection(SolutionProperties) = preSolution
		HideSolutionNode = FALSE
	EndGlobalSection
	GlobalSection(ProjectConfigurationPlatforms) = postSolution
		{CBB47B6E-F907-4DB2-892B-09C587808CE9}.Debug|Any CPU.ActiveCfg = Debug|Any CPU
		{CBB47B6E-F907-4DB2-892B-09C587808CE9}.Debug|Any CPU.Build.0 = Debug|Any CPU
		{CBB47B6E-F907-4DB2-892B-09C587808CE9}.Release|Any CPU.ActiveCfg = Release|Any CPU
		{CBB47B6E-F907-4DB2-892B-09C587808CE9}.Release|Any CPU.Build.0 = Release|Any CPU
		{EBF4C7DE-0D52-47C7-B3B1-B9659BC9FD6F}.Debug|Any CPU.ActiveCfg = Debug|Any CPU
		{EBF4C7DE-0D52-47C7-B3B1-B9659BC9FD6F}.Debug|Any CPU.Build.0 = Debug|Any CPU
		{EBF4C7DE-0D52-47C7-B3B1-B9659BC9FD6F}.Release|Any CPU.ActiveCfg = Release|Any CPU
		{EBF4C7DE-0D52-47C7-B3B1-B9659BC9FD6F}.Release|Any CPU.Build.0 = Release|Any CPU
		{3148185E-BB2C-4D9E-BA07-6BDC7F061D5F}.Debug|Any CPU.ActiveCfg = Debug|Any CPU
		{3148185E-BB2C-4D9E-BA07-6BDC7F061D5F}.Debug|Any CPU.Build.0 = Debug|Any CPU
		{3148185E-BB2C-4D9E-BA07-6BDC7F061D5F}.Release|Any CPU.ActiveCfg = Release|Any CPU
		{3148185E-BB2C-4D9E-BA07-6BDC7F061D5F}.Release|Any CPU.Build.0 = Release|Any CPU
	EndGlobalSection
EndGlobal
